
Microsoft Visual Studio Solution File, Format Version 12.00
# Visual Studio Version 17
VisualStudioVersion = 17.14.36623.8
MinimumVisualStudioVersion = 10.0.40219.1
Project("{2150E333-8FDC-42A3-9474-1A3956D46DE8}") = "services", "services", "{02EA681E-C7D8-13C7-8484-4AC65E1B71E8}"
EndProject
Project("{FAE04EC0-301F-11D3-BF4B-00C04F79EFBC}") = "Catalog.API", "services\Catalog.API\Catalog.API.csproj", "{C07DE922-3A9A-47BE-B873-8407B1302225}"
EndProject
Project("{FAE04EC0-301F-11D3-BF4B-00C04F79EFBC}") = "Basket.API", "services\Basket.API\Basket.API.csproj", "{3F13B9F8-FC3E-43B2-8B69-44BD19659DAE}"
EndProject
Project("{FAE04EC0-301F-11D3-BF4B-00C04F79EFBC}") = "Discount.API", "services\Discount.API\Discount.API.csproj", "{B771ADC9-46CF-43FD-A091-64B789649DDA}"
EndProject
Project("{FAE04EC0-301F-11D3-BF4B-00C04F79EFBC}") = "Discount.Grpc", "services\Discount.Grpc\Discount.Grpc.csproj", "{E0F13372-6A5F-4E04-B5D1-49ED5DA7D321}"
EndProject
Project("{2150E333-8FDC-42A3-9474-1A3956D46DE8}") = "Ordering", "Ordering", "{0D594F43-8A96-4F30-92A6-89685C4916D3}"
EndProject
Project("{FAE04EC0-301F-11D3-BF4B-00C04F79EFBC}") = "Ordering.API", "services\Ordering\Ordering.API\Ordering.API.csproj", "{DE8BE3CB-8EC8-48B4-B522-3DEDEF285BD7}"
EndProject
Project("{FAE04EC0-301F-11D3-BF4B-00C04F79EFBC}") = "Ordering.Application", "services\Ordering\Ordering.Application\Ordering.Application.csproj", "{FB9C6BC8-584C-49C2-B635-1F99B884E51B}"
EndProject
Project("{FAE04EC0-301F-11D3-BF4B-00C04F79EFBC}") = "Ordering.Domain", "services\Ordering\Ordering.Domain\Ordering.Domain.csproj", "{D739A670-970C-424D-86F1-C95B43E53167}"
EndProject
Project("{FAE04EC0-301F-11D3-BF4B-00C04F79EFBC}") = "Ordering.Infrastructure", "services\Ordering\Ordering.Infratructure\Ordering.Infrastructure.csproj", "{76153C30-0C49-4201-AD0B-CD75C92CD53A}"
EndProject
Global
	GlobalSection(SolutionConfigurationPlatforms) = preSolution
		Debug|Any CPU = Debug|Any CPU
		Release|Any CPU = Release|Any CPU
	EndGlobalSection
	GlobalSection(ProjectConfigurationPlatforms) = postSolution
		{C07DE922-3A9A-47BE-B873-8407B1302225}.Debug|Any CPU.ActiveCfg = Debug|Any CPU
		{C07DE922-3A9A-47BE-B873-8407B1302225}.Debug|Any CPU.Build.0 = Debug|Any CPU
		{C07DE922-3A9A-47BE-B873-8407B1302225}.Release|Any CPU.ActiveCfg = Release|Any CPU
		{C07DE922-3A9A-47BE-B873-8407B1302225}.Release|Any CPU.Build.0 = Release|Any CPU
		{3F13B9F8-FC3E-43B2-8B69-44BD19659DAE}.Debug|Any CPU.ActiveCfg = Debug|Any CPU
		{3F13B9F8-FC3E-43B2-8B69-44BD19659DAE}.Debug|Any CPU.Build.0 = Debug|Any CPU
		{3F13B9F8-FC3E-43B2-8B69-44BD19659DAE}.Release|Any CPU.ActiveCfg = Release|Any CPU
		{3F13B9F8-FC3E-43B2-8B69-44BD19659DAE}.Release|Any CPU.Build.0 = Release|Any CPU
		{B771ADC9-46CF-43FD-A091-64B789649DDA}.Debug|Any CPU.ActiveCfg = Debug|Any CPU
		{B771ADC9-46CF-43FD-A091-64B789649DDA}.Debug|Any CPU.Build.0 = Debug|Any CPU
		{B771ADC9-46CF-43FD-A091-64B789649DDA}.Release|Any CPU.ActiveCfg = Release|Any CPU
		{B771ADC9-46CF-43FD-A091-64B789649DDA}.Release|Any CPU.Build.0 = Release|Any CPU
		{E0F13372-6A5F-4E04-B5D1-49ED5DA7D321}.Debug|Any CPU.ActiveCfg = Debug|Any CPU
		{E0F13372-6A5F-4E04-B5D1-49ED5DA7D321}.Debug|Any CPU.Build.0 = Debug|Any CPU
		{E0F13372-6A5F-4E04-B5D1-49ED5DA7D321}.Release|Any CPU.ActiveCfg = Release|Any CPU
		{E0F13372-6A5F-4E04-B5D1-49ED5DA7D321}.Release|Any CPU.Build.0 = Release|Any CPU
		{DE8BE3CB-8EC8-48B4-B522-3DEDEF285BD7}.Debug|Any CPU.ActiveCfg = Debug|Any CPU
		{DE8BE3CB-8EC8-48B4-B522-3DEDEF285BD7}.Debug|Any CPU.Build.0 = Debug|Any CPU
		{DE8BE3CB-8EC8-48B4-B522-3DEDEF285BD7}.Release|Any CPU.ActiveCfg = Release|Any CPU
		{DE8BE3CB-8EC8-48B4-B522-3DEDEF285BD7}.Release|Any CPU.Build.0 = Release|Any CPU
		{FB9C6BC8-584C-49C2-B635-1F99B884E51B}.Debug|Any CPU.ActiveCfg = Debug|Any CPU
		{FB9C6BC8-584C-49C2-B635-1F99B884E51B}.Debug|Any CPU.Build.0 = Debug|Any CPU
		{FB9C6BC8-584C-49C2-B635-1F99B884E51B}.Release|Any CPU.ActiveCfg = Release|Any CPU
		{FB9C6BC8-584C-49C2-B635-1F99B884E51B}.Release|Any CPU.Build.0 = Release|Any CPU
		{D739A670-970C-424D-86F1-C95B43E53167}.Debug|Any CPU.ActiveCfg = Debug|Any CPU
		{D739A670-970C-424D-86F1-C95B43E53167}.Debug|Any CPU.Build.0 = Debug|Any CPU
		{D739A670-970C-424D-86F1-C95B43E53167}.Release|Any CPU.ActiveCfg = Release|Any CPU
		{D739A670-970C-424D-86F1-C95B43E53167}.Release|Any CPU.Build.0 = Release|Any CPU
		{76153C30-0C49-4201-AD0B-CD75C92CD53A}.Debug|Any CPU.ActiveCfg = Debug|Any CPU
		{76153C30-0C49-4201-AD0B-CD75C92CD53A}.Debug|Any CPU.Build.0 = Debug|Any CPU
		{76153C30-0C49-4201-AD0B-CD75C92CD53A}.Release|Any CPU.ActiveCfg = Release|Any CPU
		{76153C30-0C49-4201-AD0B-CD75C92CD53A}.Release|Any CPU.Build.0 = Release|Any CPU
	EndGlobalSection
	GlobalSection(SolutionProperties) = preSolution
		HideSolutionNode = FALSE
	EndGlobalSection
	GlobalSection(NestedProjects) = preSolution
		{C07DE922-3A9A-47BE-B873-8407B1302225} = {02EA681E-C7D8-13C7-8484-4AC65E1B71E8}
		{3F13B9F8-FC3E-43B2-8B69-44BD19659DAE} = {02EA681E-C7D8-13C7-8484-4AC65E1B71E8}
		{B771ADC9-46CF-43FD-A091-64B789649DDA} = {02EA681E-C7D8-13C7-8484-4AC65E1B71E8}
		{E0F13372-6A5F-4E04-B5D1-49ED5DA7D321} = {02EA681E-C7D8-13C7-8484-4AC65E1B71E8}
		{0D594F43-8A96-4F30-92A6-89685C4916D3} = {02EA681E-C7D8-13C7-8484-4AC65E1B71E8}
		{DE8BE3CB-8EC8-48B4-B522-3DEDEF285BD7} = {0D594F43-8A96-4F30-92A6-89685C4916D3}
		{FB9C6BC8-584C-49C2-B635-1F99B884E51B} = {0D594F43-8A96-4F30-92A6-89685C4916D3}
		{D739A670-970C-424D-86F1-C95B43E53167} = {0D594F43-8A96-4F30-92A6-89685C4916D3}
		{76153C30-0C49-4201-AD0B-CD75C92CD53A} = {0D594F43-8A96-4F30-92A6-89685C4916D3}
	EndGlobalSection
	GlobalSection(ExtensibilityGlobals) = postSolution
		SolutionGuid = {1AABECC7-BB95-4695-97A3-801FB9FD20E9}
	EndGlobalSection
EndGlobal
